
Microsoft Visual Studio Solution File, Format Version 12.00
# Visual Studio Version 18
VisualStudioVersion = 18.0.11012.119 d18.0
MinimumVisualStudioVersion = 10.0.40219.1
Project("{2150E333-8FDC-42A3-9474-1A3956D46DE8}") = "src", "src", "{827E0CD3-B72D-47B6-A68D-7590B98EB39B}"
	ProjectSection(SolutionItems) = preProject
		src\Directory.Packages.props = src\Directory.Packages.props
		src\Directory.Build.props = src\Directory.Build.props
	EndProjectSection
EndProject
Project("{FAE04EC0-301F-11D3-BF4B-00C04F79EFBC}") = "Serilog.Sinks.File.Encrypt", "src\Serilog.Sinks.File.Encrypt\Serilog.Sinks.File.Encrypt.csproj", "{0386137F-0A12-41D9-921F-E47229BC9F92}"
EndProject
Project("{2150E333-8FDC-42A3-9474-1A3956D46DE8}") = "tests", "tests", "{0C88DD14-F956-CE84-757C-A364CCF449FC}"
	ProjectSection(SolutionItems) = preProject
		tests\Directory.Packages.props = tests\Directory.Packages.props
	EndProjectSection
EndProject
Project("{FAE04EC0-301F-11D3-BF4B-00C04F79EFBC}") = "Serilog.Sinks.File.Encrypt.Tests", "tests\Serilog.Sinks.File.Encrypt.Tests\Serilog.Sinks.File.Encrypt.Tests.csproj", "{945ACA50-D54E-4C14-B865-812C1D9009CE}"
EndProject
Project("{FAE04EC0-301F-11D3-BF4B-00C04F79EFBC}") = "Serilog.Sinks.File.Encrypt.Cli", "src\Serilog.Sinks.File.Encrypt.Cli\Serilog.Sinks.File.Encrypt.Cli.csproj", "{6A26925F-F9C2-4393-AD7D-F1C09440FB75}"
EndProject
Project("{2150E333-8FDC-42A3-9474-1A3956D46DE8}") = "examples", "examples", "{66966427-EC5F-42A8-AB6B-4239098DF247}"
	ProjectSection(SolutionItems) = preProject
		examples\Directory.Packages.props = examples\Directory.Packages.props
		examples\Directory.Build.props = examples\Directory.Build.props
	EndProjectSection
EndProject
Project("{FAE04EC0-301F-11D3-BF4B-00C04F79EFBC}") = "Example.Console", "examples\Example.Console\Example.Console.csproj", "{810C95A0-AAFE-4932-A645-45BFF7744D5F}"
EndProject
Project("{FAE04EC0-301F-11D3-BF4B-00C04F79EFBC}") = "Example.Benchmarks", "examples\Example.Benchmarks\Example.Benchmarks.csproj", "{B1D5AC31-9DB0-4AF4-ABD9-F2AA245CD2D3}"
EndProject
Project("{FAE04EC0-301F-11D3-BF4B-00C04F79EFBC}") = "Serilog.Sinks.File.Encrypt.Cli.Tests", "tests\Serilog.Sinks.File.Encrypt.Cli.Tests\Serilog.Sinks.File.Encrypt.Cli.Tests.csproj", "{8FCF3215-6F29-4075-9DA0-EB594E2F1CE2}"
EndProject
Project("{FAE04EC0-301F-11D3-BF4B-00C04F79EFBC}") = "Example.WebApi", "examples\Example.WebApi\Example.WebApi.csproj", "{9D263729-D997-4D1A-8886-DE35362AC13B}"
EndProject
Global
	GlobalSection(SolutionConfigurationPlatforms) = preSolution
		Debug|Any CPU = Debug|Any CPU
		Debug|x64 = Debug|x64
		Debug|x86 = Debug|x86
		Release|Any CPU = Release|Any CPU
		Release|x64 = Release|x64
		Release|x86 = Release|x86
	EndGlobalSection
	GlobalSection(ProjectConfigurationPlatforms) = postSolution
		{0386137F-0A12-41D9-921F-E47229BC9F92}.Debug|Any CPU.ActiveCfg = Debug|Any CPU
		{0386137F-0A12-41D9-921F-E47229BC9F92}.Debug|Any CPU.Build.0 = Debug|Any CPU
		{0386137F-0A12-41D9-921F-E47229BC9F92}.Debug|x64.ActiveCfg = Debug|Any CPU
		{0386137F-0A12-41D9-921F-E47229BC9F92}.Debug|x64.Build.0 = Debug|Any CPU
		{0386137F-0A12-41D9-921F-E47229BC9F92}.Debug|x86.ActiveCfg = Debug|Any CPU
		{0386137F-0A12-41D9-921F-E47229BC9F92}.Debug|x86.Build.0 = Debug|Any CPU
		{0386137F-0A12-41D9-921F-E47229BC9F92}.Release|Any CPU.ActiveCfg = Release|Any CPU
		{0386137F-0A12-41D9-921F-E47229BC9F92}.Release|Any CPU.Build.0 = Release|Any CPU
		{0386137F-0A12-41D9-921F-E47229BC9F92}.Release|x64.ActiveCfg = Release|Any CPU
		{0386137F-0A12-41D9-921F-E47229BC9F92}.Release|x64.Build.0 = Release|Any CPU
		{0386137F-0A12-41D9-921F-E47229BC9F92}.Release|x86.ActiveCfg = Release|Any CPU
		{0386137F-0A12-41D9-921F-E47229BC9F92}.Release|x86.Build.0 = Release|Any CPU
		{945ACA50-D54E-4C14-B865-812C1D9009CE}.Debug|Any CPU.ActiveCfg = Debug|Any CPU
		{945ACA50-D54E-4C14-B865-812C1D9009CE}.Debug|Any CPU.Build.0 = Debug|Any CPU
		{945ACA50-D54E-4C14-B865-812C1D9009CE}.Debug|x64.ActiveCfg = Debug|Any CPU
		{945ACA50-D54E-4C14-B865-812C1D9009CE}.Debug|x64.Build.0 = Debug|Any CPU
		{945ACA50-D54E-4C14-B865-812C1D9009CE}.Debug|x86.ActiveCfg = Debug|Any CPU
		{945ACA50-D54E-4C14-B865-812C1D9009CE}.Debug|x86.Build.0 = Debug|Any CPU
		{945ACA50-D54E-4C14-B865-812C1D9009CE}.Release|Any CPU.ActiveCfg = Release|Any CPU
		{945ACA50-D54E-4C14-B865-812C1D9009CE}.Release|Any CPU.Build.0 = Release|Any CPU
		{945ACA50-D54E-4C14-B865-812C1D9009CE}.Release|x64.ActiveCfg = Release|Any CPU
		{945ACA50-D54E-4C14-B865-812C1D9009CE}.Release|x64.Build.0 = Release|Any CPU
		{945ACA50-D54E-4C14-B865-812C1D9009CE}.Release|x86.ActiveCfg = Release|Any CPU
		{945ACA50-D54E-4C14-B865-812C1D9009CE}.Release|x86.Build.0 = Release|Any CPU
		{6A26925F-F9C2-4393-AD7D-F1C09440FB75}.Debug|Any CPU.ActiveCfg = Debug|Any CPU
		{6A26925F-F9C2-4393-AD7D-F1C09440FB75}.Debug|Any CPU.Build.0 = Debug|Any CPU
		{6A26925F-F9C2-4393-AD7D-F1C09440FB75}.Debug|x64.ActiveCfg = Debug|Any CPU
		{6A26925F-F9C2-4393-AD7D-F1C09440FB75}.Debug|x64.Build.0 = Debug|Any CPU
		{6A26925F-F9C2-4393-AD7D-F1C09440FB75}.Debug|x86.ActiveCfg = Debug|Any CPU
		{6A26925F-F9C2-4393-AD7D-F1C09440FB75}.Debug|x86.Build.0 = Debug|Any CPU
		{6A26925F-F9C2-4393-AD7D-F1C09440FB75}.Release|Any CPU.ActiveCfg = Release|Any CPU
		{6A26925F-F9C2-4393-AD7D-F1C09440FB75}.Release|Any CPU.Build.0 = Release|Any CPU
		{6A26925F-F9C2-4393-AD7D-F1C09440FB75}.Release|x64.ActiveCfg = Release|Any CPU
		{6A26925F-F9C2-4393-AD7D-F1C09440FB75}.Release|x64.Build.0 = Release|Any CPU
		{6A26925F-F9C2-4393-AD7D-F1C09440FB75}.Release|x86.ActiveCfg = Release|Any CPU
		{6A26925F-F9C2-4393-AD7D-F1C09440FB75}.Release|x86.Build.0 = Release|Any CPU
		{810C95A0-AAFE-4932-A645-45BFF7744D5F}.Debug|Any CPU.ActiveCfg = Debug|Any CPU
		{810C95A0-AAFE-4932-A645-45BFF7744D5F}.Debug|Any CPU.Build.0 = Debug|Any CPU
		{810C95A0-AAFE-4932-A645-45BFF7744D5F}.Debug|x64.ActiveCfg = Debug|Any CPU
		{810C95A0-AAFE-4932-A645-45BFF7744D5F}.Debug|x64.Build.0 = Debug|Any CPU
		{810C95A0-AAFE-4932-A645-45BFF7744D5F}.Debug|x86.ActiveCfg = Debug|Any CPU
		{810C95A0-AAFE-4932-A645-45BFF7744D5F}.Debug|x86.Build.0 = Debug|Any CPU
		{810C95A0-AAFE-4932-A645-45BFF7744D5F}.Release|Any CPU.ActiveCfg = Release|Any CPU
		{810C95A0-AAFE-4932-A645-45BFF7744D5F}.Release|Any CPU.Build.0 = Release|Any CPU
		{810C95A0-AAFE-4932-A645-45BFF7744D5F}.Release|x64.ActiveCfg = Release|Any CPU
		{810C95A0-AAFE-4932-A645-45BFF7744D5F}.Release|x64.Build.0 = Release|Any CPU
		{810C95A0-AAFE-4932-A645-45BFF7744D5F}.Release|x86.ActiveCfg = Release|Any CPU
		{810C95A0-AAFE-4932-A645-45BFF7744D5F}.Release|x86.Build.0 = Release|Any CPU
		{B1D5AC31-9DB0-4AF4-ABD9-F2AA245CD2D3}.Debug|Any CPU.ActiveCfg = Debug|Any CPU
		{B1D5AC31-9DB0-4AF4-ABD9-F2AA245CD2D3}.Debug|Any CPU.Build.0 = Debug|Any CPU
		{B1D5AC31-9DB0-4AF4-ABD9-F2AA245CD2D3}.Debug|x64.ActiveCfg = Debug|Any CPU
		{B1D5AC31-9DB0-4AF4-ABD9-F2AA245CD2D3}.Debug|x64.Build.0 = Debug|Any CPU
		{B1D5AC31-9DB0-4AF4-ABD9-F2AA245CD2D3}.Debug|x86.ActiveCfg = Debug|Any CPU
		{B1D5AC31-9DB0-4AF4-ABD9-F2AA245CD2D3}.Debug|x86.Build.0 = Debug|Any CPU
		{B1D5AC31-9DB0-4AF4-ABD9-F2AA245CD2D3}.Release|Any CPU.ActiveCfg = Release|Any CPU
		{B1D5AC31-9DB0-4AF4-ABD9-F2AA245CD2D3}.Release|Any CPU.Build.0 = Release|Any CPU
		{B1D5AC31-9DB0-4AF4-ABD9-F2AA245CD2D3}.Release|x64.ActiveCfg = Release|Any CPU
		{B1D5AC31-9DB0-4AF4-ABD9-F2AA245CD2D3}.Release|x64.Build.0 = Release|Any CPU
		{B1D5AC31-9DB0-4AF4-ABD9-F2AA245CD2D3}.Release|x86.ActiveCfg = Release|Any CPU
		{B1D5AC31-9DB0-4AF4-ABD9-F2AA245CD2D3}.Release|x86.Build.0 = Release|Any CPU
		{8FCF3215-6F29-4075-9DA0-EB594E2F1CE2}.Debug|Any CPU.ActiveCfg = Debug|Any CPU
		{8FCF3215-6F29-4075-9DA0-EB594E2F1CE2}.Debug|Any CPU.Build.0 = Debug|Any CPU
		{8FCF3215-6F29-4075-9DA0-EB594E2F1CE2}.Debug|x64.ActiveCfg = Debug|Any CPU
		{8FCF3215-6F29-4075-9DA0-EB594E2F1CE2}.Debug|x64.Build.0 = Debug|Any CPU
		{8FCF3215-6F29-4075-9DA0-EB594E2F1CE2}.Debug|x86.ActiveCfg = Debug|Any CPU
		{8FCF3215-6F29-4075-9DA0-EB594E2F1CE2}.Debug|x86.Build.0 = Debug|Any CPU
		{8FCF3215-6F29-4075-9DA0-EB594E2F1CE2}.Release|Any CPU.ActiveCfg = Release|Any CPU
		{8FCF3215-6F29-4075-9DA0-EB594E2F1CE2}.Release|Any CPU.Build.0 = Release|Any CPU
		{8FCF3215-6F29-4075-9DA0-EB594E2F1CE2}.Release|x64.ActiveCfg = Release|Any CPU
		{8FCF3215-6F29-4075-9DA0-EB594E2F1CE2}.Release|x64.Build.0 = Release|Any CPU
		{8FCF3215-6F29-4075-9DA0-EB594E2F1CE2}.Release|x86.ActiveCfg = Release|Any CPU
		{8FCF3215-6F29-4075-9DA0-EB594E2F1CE2}.Release|x86.Build.0 = Release|Any CPU
		{9D263729-D997-4D1A-8886-DE35362AC13B}.Debug|Any CPU.ActiveCfg = Debug|Any CPU
		{9D263729-D997-4D1A-8886-DE35362AC13B}.Debug|Any CPU.Build.0 = Debug|Any CPU
		{9D263729-D997-4D1A-8886-DE35362AC13B}.Debug|x64.ActiveCfg = Debug|Any CPU
		{9D263729-D997-4D1A-8886-DE35362AC13B}.Debug|x64.Build.0 = Debug|Any CPU
		{9D263729-D997-4D1A-8886-DE35362AC13B}.Debug|x86.ActiveCfg = Debug|Any CPU
		{9D263729-D997-4D1A-8886-DE35362AC13B}.Debug|x86.Build.0 = Debug|Any CPU
		{9D263729-D997-4D1A-8886-DE35362AC13B}.Release|Any CPU.ActiveCfg = Release|Any CPU
		{9D263729-D997-4D1A-8886-DE35362AC13B}.Release|Any CPU.Build.0 = Release|Any CPU
		{9D263729-D997-4D1A-8886-DE35362AC13B}.Release|x64.ActiveCfg = Release|Any CPU
		{9D263729-D997-4D1A-8886-DE35362AC13B}.Release|x64.Build.0 = Release|Any CPU
		{9D263729-D997-4D1A-8886-DE35362AC13B}.Release|x86.ActiveCfg = Release|Any CPU
		{9D263729-D997-4D1A-8886-DE35362AC13B}.Release|x86.Build.0 = Release|Any CPU
	EndGlobalSection
	GlobalSection(SolutionProperties) = preSolution
		HideSolutionNode = FALSE
	EndGlobalSection
	GlobalSection(NestedProjects) = preSolution
		{0386137F-0A12-41D9-921F-E47229BC9F92} = {827E0CD3-B72D-47B6-A68D-7590B98EB39B}
		{945ACA50-D54E-4C14-B865-812C1D9009CE} = {0C88DD14-F956-CE84-757C-A364CCF449FC}
		{6A26925F-F9C2-4393-AD7D-F1C09440FB75} = {827E0CD3-B72D-47B6-A68D-7590B98EB39B}
		{810C95A0-AAFE-4932-A645-45BFF7744D5F} = {66966427-EC5F-42A8-AB6B-4239098DF247}
		{B1D5AC31-9DB0-4AF4-ABD9-F2AA245CD2D3} = {66966427-EC5F-42A8-AB6B-4239098DF247}
		{8FCF3215-6F29-4075-9DA0-EB594E2F1CE2} = {0C88DD14-F956-CE84-757C-A364CCF449FC}
		{9D263729-D997-4D1A-8886-DE35362AC13B} = {66966427-EC5F-42A8-AB6B-4239098DF247}
	EndGlobalSection
	GlobalSection(ExtensibilityGlobals) = postSolution
		SolutionGuid = {800B3CB2-1770-466A-8BAE-5940517A1D92}
	EndGlobalSection
EndGlobal
